
Microsoft Visual Studio Solution File, Format Version 12.00
# Visual Studio 15
VisualStudioVersion = 15.0.28307.757
MinimumVisualStudioVersion = 10.0.40219.1
Project("{FAE04EC0-301F-11D3-BF4B-00C04F79EFBC}") = "Xamarin_Crowe_Robert.Android", "Xamarin_Crowe_Robert\Xamarin_Crowe_Robert.Android\Xamarin_Crowe_Robert.Android.csproj", "{7A911D31-367F-4EB8-A22F-0FAB57BCB699}"
EndProject
Project("{FAE04EC0-301F-11D3-BF4B-00C04F79EFBC}") = "Xamarin_Crowe_Robert.iOS", "Xamarin_Crowe_Robert\Xamarin_Crowe_Robert.iOS\Xamarin_Crowe_Robert.iOS.csproj", "{4A614DC1-C318-4A04-8430-885EC62109A1}"
EndProject
Project("{9A19103F-16F7-4668-BE54-9A1E7A4F7556}") = "Xamarin_Crowe_Robert", "Xamarin_Crowe_Robert\Xamarin_Crowe_Robert\Xamarin_Crowe_Robert.csproj", "{20C2BAAC-31A7-4BC5-86F6-0664BDB18092}"
EndProject
Global
	GlobalSection(SolutionConfigurationPlatforms) = preSolution
		Ad-Hoc|Any CPU = Ad-Hoc|Any CPU
		Ad-Hoc|iPhone = Ad-Hoc|iPhone
		Ad-Hoc|iPhoneSimulator = Ad-Hoc|iPhoneSimulator
		AppStore|Any CPU = AppStore|Any CPU
		AppStore|iPhone = AppStore|iPhone
		AppStore|iPhoneSimulator = AppStore|iPhoneSimulator
		Debug|Any CPU = Debug|Any CPU
		Debug|iPhone = Debug|iPhone
		Debug|iPhoneSimulator = Debug|iPhoneSimulator
		Release|Any CPU = Release|Any CPU
		Release|iPhone = Release|iPhone
		Release|iPhoneSimulator = Release|iPhoneSimulator
	EndGlobalSection
	GlobalSection(ProjectConfigurationPlatforms) = postSolution
		{7A911D31-367F-4EB8-A22F-0FAB57BCB699}.Ad-Hoc|Any CPU.ActiveCfg = Release|Any CPU
		{7A911D31-367F-4EB8-A22F-0FAB57BCB699}.Ad-Hoc|Any CPU.Build.0 = Release|Any CPU
		{7A911D31-367F-4EB8-A22F-0FAB57BCB699}.Ad-Hoc|Any CPU.Deploy.0 = Release|Any CPU
		{7A911D31-367F-4EB8-A22F-0FAB57BCB699}.Ad-Hoc|iPhone.ActiveCfg = Release|Any CPU
		{7A911D31-367F-4EB8-A22F-0FAB57BCB699}.Ad-Hoc|iPhone.Build.0 = Release|Any CPU
		{7A911D31-367F-4EB8-A22F-0FAB57BCB699}.Ad-Hoc|iPhone.Deploy.0 = Release|Any CPU
		{7A911D31-367F-4EB8-A22F-0FAB57BCB699}.Ad-Hoc|iPhoneSimulator.ActiveCfg = Release|Any CPU
		{7A911D31-367F-4EB8-A22F-0FAB57BCB699}.Ad-Hoc|iPhoneSimulator.Build.0 = Release|Any CPU
		{7A911D31-367F-4EB8-A22F-0FAB57BCB699}.Ad-Hoc|iPhoneSimulator.Deploy.0 = Release|Any CPU
		{7A911D31-367F-4EB8-A22F-0FAB57BCB699}.AppStore|Any CPU.ActiveCfg = Release|Any CPU
		{7A911D31-367F-4EB8-A22F-0FAB57BCB699}.AppStore|Any CPU.Build.0 = Release|Any CPU
		{7A911D31-367F-4EB8-A22F-0FAB57BCB699}.AppStore|Any CPU.Deploy.0 = Release|Any CPU
		{7A911D31-367F-4EB8-A22F-0FAB57BCB699}.AppStore|iPhone.ActiveCfg = Release|Any CPU
		{7A911D31-367F-4EB8-A22F-0FAB57BCB699}.AppStore|iPhone.Build.0 = Release|Any CPU
		{7A911D31-367F-4EB8-A22F-0FAB57BCB699}.AppStore|iPhone.Deploy.0 = Release|Any CPU
		{7A911D31-367F-4EB8-A22F-0FAB57BCB699}.AppStore|iPhoneSimulator.ActiveCfg = Release|Any CPU
		{7A911D31-367F-4EB8-A22F-0FAB57BCB699}.AppStore|iPhoneSimulator.Build.0 = Release|Any CPU
		{7A911D31-367F-4EB8-A22F-0FAB57BCB699}.AppStore|iPhoneSimulator.Deploy.0 = Release|Any CPU
		{7A911D31-367F-4EB8-A22F-0FAB57BCB699}.Debug|Any CPU.ActiveCfg = Debug|Any CPU
		{7A911D31-367F-4EB8-A22F-0FAB57BCB699}.Debug|Any CPU.Build.0 = Debug|Any CPU
		{7A911D31-367F-4EB8-A22F-0FAB57BCB699}.Debug|Any CPU.Deploy.0 = Debug|Any CPU
		{7A911D31-367F-4EB8-A22F-0FAB57BCB699}.Debug|iPhone.ActiveCfg = Debug|Any CPU
		{7A911D31-367F-4EB8-A22F-0FAB57BCB699}.Debug|iPhone.Build.0 = Debug|Any CPU
		{7A911D31-367F-4EB8-A22F-0FAB57BCB699}.Debug|iPhone.Deploy.0 = Debug|Any CPU
		{7A911D31-367F-4EB8-A22F-0FAB57BCB699}.Debug|iPhoneSimulator.ActiveCfg = Debug|Any CPU
		{7A911D31-367F-4EB8-A22F-0FAB57BCB699}.Debug|iPhoneSimulator.Build.0 = Debug|Any CPU
		{7A911D31-367F-4EB8-A22F-0FAB57BCB699}.Debug|iPhoneSimulator.Deploy.0 = Debug|Any CPU
		{7A911D31-367F-4EB8-A22F-0FAB57BCB699}.Release|Any CPU.ActiveCfg = Release|Any CPU
		{7A911D31-367F-4EB8-A22F-0FAB57BCB699}.Release|Any CPU.Build.0 = Release|Any CPU
		{7A911D31-367F-4EB8-A22F-0FAB57BCB699}.Release|Any CPU.Deploy.0 = Release|Any CPU
		{7A911D31-367F-4EB8-A22F-0FAB57BCB699}.Release|iPhone.ActiveCfg = Release|Any CPU
		{7A911D31-367F-4EB8-A22F-0FAB57BCB699}.Release|iPhone.Build.0 = Release|Any CPU
		{7A911D31-367F-4EB8-A22F-0FAB57BCB699}.Release|iPhone.Deploy.0 = Release|Any CPU
		{7A911D31-367F-4EB8-A22F-0FAB57BCB699}.Release|iPhoneSimulator.ActiveCfg = Release|Any CPU
		{7A911D31-367F-4EB8-A22F-0FAB57BCB699}.Release|iPhoneSimulator.Build.0 = Release|Any CPU
		{7A911D31-367F-4EB8-A22F-0FAB57BCB699}.Release|iPhoneSimulator.Deploy.0 = Release|Any CPU
		{4A614DC1-C318-4A04-8430-885EC62109A1}.Ad-Hoc|Any CPU.ActiveCfg = Ad-Hoc|iPhone
		{4A614DC1-C318-4A04-8430-885EC62109A1}.Ad-Hoc|Any CPU.Build.0 = Ad-Hoc|iPhone
		{4A614DC1-C318-4A04-8430-885EC62109A1}.Ad-Hoc|Any CPU.Deploy.0 = Ad-Hoc|iPhone
		{4A614DC1-C318-4A04-8430-885EC62109A1}.Ad-Hoc|iPhone.ActiveCfg = Ad-Hoc|iPhone
		{4A614DC1-C318-4A04-8430-885EC62109A1}.Ad-Hoc|iPhone.Build.0 = Ad-Hoc|iPhone
		{4A614DC1-C318-4A04-8430-885EC62109A1}.Ad-Hoc|iPhone.Deploy.0 = Ad-Hoc|iPhone
		{4A614DC1-C318-4A04-8430-885EC62109A1}.Ad-Hoc|iPhoneSimulator.ActiveCfg = Ad-Hoc|iPhoneSimulator
		{4A614DC1-C318-4A04-8430-885EC62109A1}.Ad-Hoc|iPhoneSimulator.Build.0 = Ad-Hoc|iPhoneSimulator
		{4A614DC1-C318-4A04-8430-885EC62109A1}.Ad-Hoc|iPhoneSimulator.Deploy.0 = Ad-Hoc|iPhoneSimulator
		{4A614DC1-C318-4A04-8430-885EC62109A1}.AppStore|Any CPU.ActiveCfg = AppStore|iPhone
		{4A614DC1-C318-4A04-8430-885EC62109A1}.AppStore|Any CPU.Build.0 = AppStore|iPhone
		{4A614DC1-C318-4A04-8430-885EC62109A1}.AppStore|Any CPU.Deploy.0 = AppStore|iPhone
		{4A614DC1-C318-4A04-8430-885EC62109A1}.AppStore|iPhone.ActiveCfg = AppStore|iPhone
		{4A614DC1-C318-4A04-8430-885EC62109A1}.AppStore|iPhone.Build.0 = AppStore|iPhone
		{4A614DC1-C318-4A04-8430-885EC62109A1}.AppStore|iPhone.Deploy.0 = AppStore|iPhone
		{4A614DC1-C318-4A04-8430-885EC62109A1}.AppStore|iPhoneSimulator.ActiveCfg = AppStore|iPhoneSimulator
		{4A614DC1-C318-4A04-8430-885EC62109A1}.AppStore|iPhoneSimulator.Build.0 = AppStore|iPhoneSimulator
		{4A614DC1-C318-4A04-8430-885EC62109A1}.AppStore|iPhoneSimulator.Deploy.0 = AppStore|iPhoneSimulator
		{4A614DC1-C318-4A04-8430-885EC62109A1}.Debug|Any CPU.ActiveCfg = Debug|iPhoneSimulator
		{4A614DC1-C318-4A04-8430-885EC62109A1}.Debug|Any CPU.Deploy.0 = Debug|iPhoneSimulator
		{4A614DC1-C318-4A04-8430-885EC62109A1}.Debug|iPhone.ActiveCfg = Debug|iPhone
		{4A614DC1-C318-4A04-8430-885EC62109A1}.Debug|iPhone.Build.0 = Debug|iPhone
		{4A614DC1-C318-4A04-8430-885EC62109A1}.Debug|iPhone.Deploy.0 = Debug|iPhone
		{4A614DC1-C318-4A04-8430-885EC62109A1}.Debug|iPhoneSimulator.ActiveCfg = Debug|iPhoneSimulator
		{4A614DC1-C318-4A04-8430-885EC62109A1}.Debug|iPhoneSimulator.Build.0 = Debug|iPhoneSimulator
		{4A614DC1-C318-4A04-8430-885EC62109A1}.Debug|iPhoneSimulator.Deploy.0 = Debug|iPhoneSimulator
		{4A614DC1-C318-4A04-8430-885EC62109A1}.Release|Any CPU.ActiveCfg = Release|iPhone
		{4A614DC1-C318-4A04-8430-885EC62109A1}.Release|Any CPU.Build.0 = Release|iPhone
		{4A614DC1-C318-4A04-8430-885EC62109A1}.Release|Any CPU.Deploy.0 = Release|iPhone
		{4A614DC1-C318-4A04-8430-885EC62109A1}.Release|iPhone.ActiveCfg = Release|iPhone
		{4A614DC1-C318-4A04-8430-885EC62109A1}.Release|iPhone.Build.0 = Release|iPhone
		{4A614DC1-C318-4A04-8430-885EC62109A1}.Release|iPhone.Deploy.0 = Release|iPhone
		{4A614DC1-C318-4A04-8430-885EC62109A1}.Release|iPhoneSimulator.ActiveCfg = Release|iPhoneSimulator
		{4A614DC1-C318-4A04-8430-885EC62109A1}.Release|iPhoneSimulator.Build.0 = Release|iPhoneSimulator
		{4A614DC1-C318-4A04-8430-885EC62109A1}.Release|iPhoneSimulator.Deploy.0 = Release|iPhoneSimulator
		{20C2BAAC-31A7-4BC5-86F6-0664BDB18092}.Ad-Hoc|Any CPU.ActiveCfg = Debug|Any CPU
		{20C2BAAC-31A7-4BC5-86F6-0664BDB18092}.Ad-Hoc|Any CPU.Build.0 = Debug|Any CPU
		{20C2BAAC-31A7-4BC5-86F6-0664BDB18092}.Ad-Hoc|Any CPU.Deploy.0 = Debug|Any CPU
		{20C2BAAC-31A7-4BC5-86F6-0664BDB18092}.Ad-Hoc|iPhone.ActiveCfg = Debug|Any CPU
		{20C2BAAC-31A7-4BC5-86F6-0664BDB18092}.Ad-Hoc|iPhone.Build.0 = Debug|Any CPU
		{20C2BAAC-31A7-4BC5-86F6-0664BDB18092}.Ad-Hoc|iPhone.Deploy.0 = Debug|Any CPU
		{20C2BAAC-31A7-4BC5-86F6-0664BDB18092}.Ad-Hoc|iPhoneSimulator.ActiveCfg = Debug|Any CPU
		{20C2BAAC-31A7-4BC5-86F6-0664BDB18092}.Ad-Hoc|iPhoneSimulator.Build.0 = Debug|Any CPU
		{20C2BAAC-31A7-4BC5-86F6-0664BDB18092}.Ad-Hoc|iPhoneSimulator.Deploy.0 = Debug|Any CPU
		{20C2BAAC-31A7-4BC5-86F6-0664BDB18092}.AppStore|Any CPU.ActiveCfg = Debug|Any CPU
		{20C2BAAC-31A7-4BC5-86F6-0664BDB18092}.AppStore|Any CPU.Build.0 = Debug|Any CPU
		{20C2BAAC-31A7-4BC5-86F6-0664BDB18092}.AppStore|Any CPU.Deploy.0 = Debug|Any CPU
		{20C2BAAC-31A7-4BC5-86F6-0664BDB18092}.AppStore|iPhone.ActiveCfg = Debug|Any CPU
		{20C2BAAC-31A7-4BC5-86F6-0664BDB18092}.AppStore|iPhone.Build.0 = Debug|Any CPU
		{20C2BAAC-31A7-4BC5-86F6-0664BDB18092}.AppStore|iPhone.Deploy.0 = Debug|Any CPU
		{20C2BAAC-31A7-4BC5-86F6-0664BDB18092}.AppStore|iPhoneSimulator.ActiveCfg = Debug|Any CPU
		{20C2BAAC-31A7-4BC5-86F6-0664BDB18092}.AppStore|iPhoneSimulator.Build.0 = Debug|Any CPU
		{20C2BAAC-31A7-4BC5-86F6-0664BDB18092}.AppStore|iPhoneSimulator.Deploy.0 = Debug|Any CPU
		{20C2BAAC-31A7-4BC5-86F6-0664BDB18092}.Debug|Any CPU.ActiveCfg = Debug|Any CPU
		{20C2BAAC-31A7-4BC5-86F6-0664BDB18092}.Debug|Any CPU.Build.0 = Debug|Any CPU
		{20C2BAAC-31A7-4BC5-86F6-0664BDB18092}.Debug|Any CPU.Deploy.0 = Debug|Any CPU
		{20C2BAAC-31A7-4BC5-86F6-0664BDB18092}.Debug|iPhone.ActiveCfg = Debug|Any CPU
		{20C2BAAC-31A7-4BC5-86F6-0664BDB18092}.Debug|iPhone.Build.0 = Debug|Any CPU
		{20C2BAAC-31A7-4BC5-86F6-0664BDB18092}.Debug|iPhone.Deploy.0 = Debug|Any CPU
		{20C2BAAC-31A7-4BC5-86F6-0664BDB18092}.Debug|iPhoneSimulator.ActiveCfg = Debug|Any CPU
		{20C2BAAC-31A7-4BC5-86F6-0664BDB18092}.Debug|iPhoneSimulator.Build.0 = Debug|Any CPU
		{20C2BAAC-31A7-4BC5-86F6-0664BDB18092}.Debug|iPhoneSimulator.Deploy.0 = Debug|Any CPU
		{20C2BAAC-31A7-4BC5-86F6-0664BDB18092}.Release|Any CPU.ActiveCfg = Release|Any CPU
		{20C2BAAC-31A7-4BC5-86F6-0664BDB18092}.Release|Any CPU.Build.0 = Release|Any CPU
		{20C2BAAC-31A7-4BC5-86F6-0664BDB18092}.Release|Any CPU.Deploy.0 = Release|Any CPU
		{20C2BAAC-31A7-4BC5-86F6-0664BDB18092}.Release|iPhone.ActiveCfg = Release|Any CPU
		{20C2BAAC-31A7-4BC5-86F6-0664BDB18092}.Release|iPhone.Build.0 = Release|Any CPU
		{20C2BAAC-31A7-4BC5-86F6-0664BDB18092}.Release|iPhone.Deploy.0 = Release|Any CPU
		{20C2BAAC-31A7-4BC5-86F6-0664BDB18092}.Release|iPhoneSimulator.ActiveCfg = Release|Any CPU
		{20C2BAAC-31A7-4BC5-86F6-0664BDB18092}.Release|iPhoneSimulator.Build.0 = Release|Any CPU
		{20C2BAAC-31A7-4BC5-86F6-0664BDB18092}.Release|iPhoneSimulator.Deploy.0 = Release|Any CPU
	EndGlobalSection
	GlobalSection(SolutionProperties) = preSolution
		HideSolutionNode = FALSE
	EndGlobalSection
	GlobalSection(ExtensibilityGlobals) = postSolution
		SolutionGuid = {A48FABDF-C2D6-4047-A604-15568133A3AA}
	EndGlobalSection
EndGlobal
